
Microsoft Visual Studio Solution File, Format Version 12.00
# Visual Studio Version 16
VisualStudioVersion = 16.0.31112.23
MinimumVisualStudioVersion = 10.0.40219.1
Project("{9A19103F-16F7-4668-BE54-9A1E7A4F7556}") = "Questionnaire App", "Questionnaire App.csproj", "{EDE8CE17-E89A-45A4-983E-63FE9C242442}"
EndProject
Global
	GlobalSection(SolutionConfigurationPlatforms) = preSolution
		Debug|Any CPU = Debug|Any CPU
		Release|Any CPU = Release|Any CPU
	EndGlobalSection
	GlobalSection(ProjectConfigurationPlatforms) = postSolution
		{EDE8CE17-E89A-45A4-983E-63FE9C242442}.Debug|Any CPU.ActiveCfg = Debug|Any CPU
		{EDE8CE17-E89A-45A4-983E-63FE9C242442}.Debug|Any CPU.Build.0 = Debug|Any CPU
		{EDE8CE17-E89A-45A4-983E-63FE9C242442}.Release|Any CPU.ActiveCfg = Release|Any CPU
		{EDE8CE17-E89A-45A4-983E-63FE9C242442}.Release|Any CPU.Build.0 = Release|Any CPU
	EndGlobalSection
	GlobalSection(SolutionProperties) = preSolution
		HideSolutionNode = FALSE
	EndGlobalSection
	GlobalSection(ExtensibilityGlobals) = postSolution
		SolutionGuid = {10E3DE9B-3858-4759-809F-07394A860FFA}
	EndGlobalSection
EndGlobal
